
Microsoft Visual Studio Solution File, Format Version 12.00
# Visual Studio 15
VisualStudioVersion = 15.0.28010.2036
MinimumVisualStudioVersion = 10.0.40219.1
Project("{FAE04EC0-301F-11D3-BF4B-00C04F79EFBC}") = "WindowsFormsApp1", "WindowsFormsApp1\WindowsFormsApp1.csproj", "{426C8037-1B94-4043-81DF-AC924DE0556E}"
EndProject
Global
	GlobalSection(SolutionConfigurationPlatforms) = preSolution
		Debug|Any CPU = Debug|Any CPU
		Release|Any CPU = Release|Any CPU
	EndGlobalSection
	GlobalSection(ProjectConfigurationPlatforms) = postSolution
		{426C8037-1B94-4043-81DF-AC924DE0556E}.Debug|Any CPU.ActiveCfg = Debug|Any CPU
		{426C8037-1B94-4043-81DF-AC924DE0556E}.Debug|Any CPU.Build.0 = Debug|Any CPU
		{426C8037-1B94-4043-81DF-AC924DE0556E}.Release|Any CPU.ActiveCfg = Release|Any CPU
		{426C8037-1B94-4043-81DF-AC924DE0556E}.Release|Any CPU.Build.0 = Release|Any CPU
	EndGlobalSection
	GlobalSection(SolutionProperties) = preSolution
		HideSolutionNode = FALSE
	EndGlobalSection
	GlobalSection(ExtensibilityGlobals) = postSolution
		SolutionGuid = {58D78CE5-A9B0-429F-A662-B022D94F184B}
	EndGlobalSection
EndGlobal
